
Microsoft Visual Studio Solution File, Format Version 12.00
# Visual Studio Version 17
VisualStudioVersion = 17.8.34330.188
MinimumVisualStudioVersion = 10.0.40219.1
Project("{FAE04EC0-301F-11D3-BF4B-00C04F79EFBC}") = "Instruction", "Instruction.csproj", "{3A8701C4-BA9F-465C-9948-C7540A4D128F}"
EndProject
Global
	GlobalSection(SolutionConfigurationPlatforms) = preSolution
		Debug|Any CPU = Debug|Any CPU
		Release|Any CPU = Release|Any CPU
	EndGlobalSection
	GlobalSection(ProjectConfigurationPlatforms) = postSolution
		{3A8701C4-BA9F-465C-9948-C7540A4D128F}.Debug|Any CPU.ActiveCfg = Debug|Any CPU
		{3A8701C4-BA9F-465C-9948-C7540A4D128F}.Debug|Any CPU.Build.0 = Debug|Any CPU
		{3A8701C4-BA9F-465C-9948-C7540A4D128F}.Release|Any CPU.ActiveCfg = Release|Any CPU
		{3A8701C4-BA9F-465C-9948-C7540A4D128F}.Release|Any CPU.Build.0 = Release|Any CPU
	EndGlobalSection
	GlobalSection(SolutionProperties) = preSolution
		HideSolutionNode = FALSE
	EndGlobalSection
	GlobalSection(ExtensibilityGlobals) = postSolution
		SolutionGuid = {14290C4E-2877-4D4C-9C46-EDA74D8339C8}
	EndGlobalSection
EndGlobal
